{
  "nodes": {
    "nixpkgs": {
      "locked": {
        "lastModified": 1740128516,
        "narHash": "sha256-5xScSV6FDA8x3afP7GuGHpXt9/X7CxjL3fbmVqD893w=",
        "owner": "nixos",
        "repo": "nixpkgs",
        "rev": "16e93a2b6327a7762598610827ff21bc9ef7323e",
        "type": "github"
      },
      "original": {
        "owner": "nixos",
        "ref": "release-24.11",
        "repo": "nixpkgs",
        "type": "github"
      }
    },
    "nixpkgs-problemtools": {
      "locked": {
        "lastModified": 1740137166,
        "narHash": "sha256-eUQ/0E3CR8c2cxSyOIx3HGWzWupSzVHJFwnmmLCK+Dk=",
        "owner": "thecolorman",
        "repo": "nixpkgs",
        "rev": "58556a09b4c181193d16a0fdcdfb8cfd57c8e1c4",
        "type": "github"
      },
      "original": {
        "owner": "thecolorman",
        "ref": "add-problemtools",
        "repo": "nixpkgs",
        "type": "github"
      }
    },
    "root": {
      "inputs": {
        "nixpkgs": "nixpkgs",
        "nixpkgs-problemtools": "nixpkgs-problemtools"
      }
    }
  },
  "root": "root",
  "version": 7
}
